
Microsoft Visual Studio Solution File, Format Version 12.00
# Visual Studio 15
VisualStudioVersion = 15.0.26730.10
MinimumVisualStudioVersion = 10.0.40219.1
Project("{FAE04EC0-301F-11D3-BF4B-00C04F79EFBC}") = "Fiver.Mvc.TagHelpers.Components", "Fiver.Mvc.TagHelpers.Components\Fiver.Mvc.TagHelpers.Components.csproj", "{024D6B29-A1FB-42F1-A68A-A4FC1CC2A5DC}"
EndProject
Global
	GlobalSection(SolutionConfigurationPlatforms) = preSolution
		Debug|Any CPU = Debug|Any CPU
		Release|Any CPU = Release|Any CPU
	EndGlobalSection
	GlobalSection(ProjectConfigurationPlatforms) = postSolution
		{024D6B29-A1FB-42F1-A68A-A4FC1CC2A5DC}.Debug|Any CPU.ActiveCfg = Debug|Any CPU
		{024D6B29-A1FB-42F1-A68A-A4FC1CC2A5DC}.Debug|Any CPU.Build.0 = Debug|Any CPU
		{024D6B29-A1FB-42F1-A68A-A4FC1CC2A5DC}.Release|Any CPU.ActiveCfg = Release|Any CPU
		{024D6B29-A1FB-42F1-A68A-A4FC1CC2A5DC}.Release|Any CPU.Build.0 = Release|Any CPU
	EndGlobalSection
	GlobalSection(SolutionProperties) = preSolution
		HideSolutionNode = FALSE
	EndGlobalSection
	GlobalSection(ExtensibilityGlobals) = postSolution
		SolutionGuid = {711FD85E-2AAF-4077-8F00-6C03033558CD}
	EndGlobalSection
EndGlobal
